{
  "name": "excalidraw-web-app",
  "version": "1.0.0",
  "lockfileVersion": 3,
  "requires": true,
  "packages": {
    "": {
      "name": "excalidraw-web-app",
      "version": "1.0.0",
      "dependencies": {
        "@excalidraw/excalidraw": "^0.17.6",
        "react": "^18.2.0",
        "react-dom": "^18.2.0",
        "react-scripts": "5.0.1",
        "serve": "^14.2.3"
      },
      "engines": {
        "node": "20.x"
      }
    },
    "node_modules/@excalidraw/excalidraw": {
      "version": "0.17.6",
      "resolved": "https://registry.npmjs.org/@excalidraw/excalidraw/-/excalidraw-0.17.6.tgz",
      "integrity": "sha512-6QdF4HxQ/uRitZ1xP5gV0Pn2YG4OJN7KcpXQ0JZU5QJ8iUNS9sELR8rGpgUO+gRJQnC8gKfCQ+VIXkiDEEbAuA==",
      "dependencies": {
        "@excalidraw/utils": "^0.1.2",
        "browser-fs-access": "^0.34.1",
        "clsx": "^2.0.0",
        "nanoid": "^5.0.1",
        "roughjs": "^4.6.5"
      },
      "peerDependencies": {
        "react": "^17.0.0 || ^18.0.0",
        "react-dom": "^17.0.0 || ^18.0.0"
      }
    },
    "node_modules/react": {
      "version": "18.2.0",
      "resolved": "https://registry.npmjs.org/react/-/react-18.2.0.tgz",
      "integrity": "sha512-/3IjMdb2L9QbBdWiW5e3P2/npwMBaU9mHCSCUzNln0ZCYbcfTsGbTJrU/kGemdH2IWmB2ioZ+zkxtmq6g09fGQ==",
      "dependencies": {
        "loose-envify": "^1.1.0"
      },
      "engines": {
        "node": ">=0.10.0"
      }
    },
    "node_modules/react-dom": {
      "version": "18.2.0",
      "resolved": "https://registry.npmjs.org/react-dom/-/react-dom-18.2.0.tgz",
      "integrity": "sha512-6IMTriUmvsjHUjNtEDudZfuDQUoWXVxKHhlEGSk81n4YFS+r/Kl99wXiwlVXtPBtJenozv2P+hxDsw9eA7Xo6g==",
      "dependencies": {
        "loose-envify": "^1.1.0",
        "scheduler": "^0.23.0"
      },
      "peerDependencies": {
        "react": "^18.2.0"
      }
    },
    "node_modules/react-scripts": {
      "version": "5.0.1",
      "resolved": "https://registry.npmjs.org/react-scripts/-/react-scripts-5.0.1.tgz",
      "integrity": "sha512-8VAmEm/ZAwQzJ+GOw0lGGD3p4I4ekb0GF5GRRMZRlAFT9k+3NLI9W8M1Vj5GOLkZkqLt3RScLBAmzgs/0Cg1gg==",
      "dependencies": {
        "@babel/core": "^7.16.0",
        "@pmmmwh/react-refresh-webpack-plugin": "^0.5.3",
        "@svgr/webpack": "^5.5.0",
        "babel-jest": "^27.4.2",
        "babel-loader": "^8.2.3",
        "babel-plugin-named-asset-import": "^0.3.8",
        "babel-preset-react-app": "^10.0.1",
        "bfj": "^7.0.2",
        "browserslist": "^4.18.1",
        "camelcase": "^6.2.1",
        "case-sensitive-paths-webpack-plugin": "^2.4.0",
        "css-loader": "^6.5.1",
        "css-minimizer-webpack-plugin": "^3.2.0",
        "dotenv": "^10.0.0",
        "dotenv-expand": "^5.1.0",
        "eslint": "^8.3.0",
        "eslint-config-react-app": "^7.0.1",
        "eslint-webpack-plugin": "^3.1.1",
        "file-loader": "^6.2.0",
        "fs-extra": "^10.0.0",
        "html-webpack-plugin": "^5.5.0",
        "identity-obj-proxy": "^3.0.0",
        "jest": "^27.4.3",
        "jest-resolve": "^27.4.2",
        "jest-watch-typeahead": "^1.0.0",
        "mini-css-extract-plugin": "^2.4.5",
        "postcss": "^8.4.4",
        "postcss-flexbugs-fixes": "^5.0.2",
        "postcss-loader": "^6.2.1",
        "postcss-normalize": "^10.0.1",
        "postcss-preset-env": "^7.0.1",
        "prompts": "^2.4.2",
        "react-app-polyfill": "^3.0.0",
        "react-dev-utils": "^12.0.1",
        "react-refresh": "^0.11.0",
        "resolve": "^1.20.0",
        "resolve-url-loader": "^4.0.0",
        "sass-loader": "^12.3.0",
        "semver": "^7.3.5",
        "source-map-loader": "^3.0.0",
        "style-loader": "^3.3.1",
        "tailwindcss": "^3.0.2",
        "terser-webpack-plugin": "^5.2.5",
        "webpack": "^5.64.4",
        "webpack-dev-server": "^4.6.0",
        "webpack-manifest-plugin": "^4.0.2",
        "workbox-webpack-plugin": "^6.4.1"
      },
      "bin": {
        "react-scripts": "bin/react-scripts.js"
      },
      "engines": {
        "node": ">=14.0.0"
      },
      "optionalDependencies": {
        "fsevents": "^2.3.2"
      },
      "peerDependencies": {
        "react": ">= 16",
        "typescript": "^3.2.1 || ^4"
      },
      "peerDependenciesMeta": {
        "typescript": {
          "optional": true
        }
      }
    },
    "node_modules/serve": {
      "version": "14.2.3",
      "resolved": "https://registry.npmjs.org/serve/-/serve-14.2.3.tgz",
      "integrity": "sha512-j1O1kg7TbXPpfUPs0AHJ3oWMfYzHANuW4A9wnKJhTL3GkOPqAY0J9SHX6B/T6nArHrC6ZnKdLJtYNE0p4RtBhg==",
      "dependencies": {
        "@zeit/schemas": "2.36.0",
        "ajv": "8.12.0",
        "arg": "5.0.2",
        "boxen": "7.1.1",
        "chalk": "5.3.0",
        "chalk-template": "0.5.0",
        "clipboardy": "3.0.0",
        "compression": "1.7.4",
        "is-port-reachable": "4.0.0",
        "serve-handler": "6.1.5",
        "update-check": "1.5.4"
      },
      "bin": {
        "serve": "build/main.js"
      },
      "engines": {
        "node": ">= 14"
      }
    }
  }
}
